
Microsoft Visual Studio Solution File, Format Version 12.00
# Visual Studio Version 17
VisualStudioVersion = 17.11.35327.3
MinimumVisualStudioVersion = 10.0.40219.1
Project("{FAE04EC0-301F-11D3-BF4B-00C04F79EFBC}") = "VerificaFuncionario", "VerificaFuncionario\VerificaFuncionario.csproj", "{2D09D050-B98D-4CCC-9635-FCC6364F5E0C}"
EndProject
Global
	GlobalSection(SolutionConfigurationPlatforms) = preSolution
		Debug|Any CPU = Debug|Any CPU
		Release|Any CPU = Release|Any CPU
	EndGlobalSection
	GlobalSection(ProjectConfigurationPlatforms) = postSolution
		{2D09D050-B98D-4CCC-9635-FCC6364F5E0C}.Debug|Any CPU.ActiveCfg = Debug|Any CPU
		{2D09D050-B98D-4CCC-9635-FCC6364F5E0C}.Debug|Any CPU.Build.0 = Debug|Any CPU
		{2D09D050-B98D-4CCC-9635-FCC6364F5E0C}.Release|Any CPU.ActiveCfg = Release|Any CPU
		{2D09D050-B98D-4CCC-9635-FCC6364F5E0C}.Release|Any CPU.Build.0 = Release|Any CPU
	EndGlobalSection
	GlobalSection(SolutionProperties) = preSolution
		HideSolutionNode = FALSE
	EndGlobalSection
	GlobalSection(ExtensibilityGlobals) = postSolution
		SolutionGuid = {DED02B1A-1AAB-4500-8947-77C0EEF5FD96}
	EndGlobalSection
EndGlobal
